
Microsoft Visual Studio Solution File, Format Version 12.00
# Visual Studio Version 16
VisualStudioVersion = 16.0.28803.352
MinimumVisualStudioVersion = 10.0.40219.1
Project("{9A19103F-16F7-4668-BE54-9A1E7A4F7556}") = "Conference1.Domain", "Conference1.Domain\Conference1.Domain.csproj", "{3FECC5B8-CC93-4903-ABCF-0AB231B148DE}"
EndProject
Project("{9A19103F-16F7-4668-BE54-9A1E7A4F7556}") = "Conference1.Data", "Conference1.Data\Conference1.Data.csproj", "{5E984CFE-082E-4104-8061-FD8373F272C7}"
EndProject
Project("{9A19103F-16F7-4668-BE54-9A1E7A4F7556}") = "Conference1.Service", "Conference1.Service\Conference1.Service.csproj", "{0F6B3935-FEA8-4C9F-BFC2-E7D737FDC775}"
EndProject
Project("{9A19103F-16F7-4668-BE54-9A1E7A4F7556}") = "CoferenceMVC", "CoferenceMVC\CoferenceMVC.csproj", "{12BB7BE4-72F9-416D-A37F-6D2450A7AA96}"
EndProject
Global
	GlobalSection(SolutionConfigurationPlatforms) = preSolution
		Debug|Any CPU = Debug|Any CPU
		Release|Any CPU = Release|Any CPU
	EndGlobalSection
	GlobalSection(ProjectConfigurationPlatforms) = postSolution
		{3FECC5B8-CC93-4903-ABCF-0AB231B148DE}.Debug|Any CPU.ActiveCfg = Debug|Any CPU
		{3FECC5B8-CC93-4903-ABCF-0AB231B148DE}.Debug|Any CPU.Build.0 = Debug|Any CPU
		{3FECC5B8-CC93-4903-ABCF-0AB231B148DE}.Release|Any CPU.ActiveCfg = Release|Any CPU
		{3FECC5B8-CC93-4903-ABCF-0AB231B148DE}.Release|Any CPU.Build.0 = Release|Any CPU
		{5E984CFE-082E-4104-8061-FD8373F272C7}.Debug|Any CPU.ActiveCfg = Debug|Any CPU
		{5E984CFE-082E-4104-8061-FD8373F272C7}.Debug|Any CPU.Build.0 = Debug|Any CPU
		{5E984CFE-082E-4104-8061-FD8373F272C7}.Release|Any CPU.ActiveCfg = Release|Any CPU
		{5E984CFE-082E-4104-8061-FD8373F272C7}.Release|Any CPU.Build.0 = Release|Any CPU
		{0F6B3935-FEA8-4C9F-BFC2-E7D737FDC775}.Debug|Any CPU.ActiveCfg = Debug|Any CPU
		{0F6B3935-FEA8-4C9F-BFC2-E7D737FDC775}.Debug|Any CPU.Build.0 = Debug|Any CPU
		{0F6B3935-FEA8-4C9F-BFC2-E7D737FDC775}.Release|Any CPU.ActiveCfg = Release|Any CPU
		{0F6B3935-FEA8-4C9F-BFC2-E7D737FDC775}.Release|Any CPU.Build.0 = Release|Any CPU
		{12BB7BE4-72F9-416D-A37F-6D2450A7AA96}.Debug|Any CPU.ActiveCfg = Debug|Any CPU
		{12BB7BE4-72F9-416D-A37F-6D2450A7AA96}.Debug|Any CPU.Build.0 = Debug|Any CPU
		{12BB7BE4-72F9-416D-A37F-6D2450A7AA96}.Release|Any CPU.ActiveCfg = Release|Any CPU
		{12BB7BE4-72F9-416D-A37F-6D2450A7AA96}.Release|Any CPU.Build.0 = Release|Any CPU
	EndGlobalSection
	GlobalSection(SolutionProperties) = preSolution
		HideSolutionNode = FALSE
	EndGlobalSection
	GlobalSection(ExtensibilityGlobals) = postSolution
		SolutionGuid = {F7217DA9-875B-4CAA-B0A0-9E0787EE2CAF}
	EndGlobalSection
EndGlobal
